// !$*UTF8*$!
{
	archiveVersion = 1;
	classes = {
	};
	objectVersion = 55;
	objects = {

/* Begin PBXBuildFile section */
		041F7D3E283D927700B33062 /* RecapViewPresenter.swift in Sources */ = {isa = PBXBuildFile; fileRef = 041F7D3D283D927700B33062 /* RecapViewPresenter.swift */; };
		041F7D40283D954000B33062 /* RecapViewPresenterConcretion.swift in Sources */ = {isa = PBXBuildFile; fileRef = 041F7D3F283D954000B33062 /* RecapViewPresenterConcretion.swift */; };
		041F7D42283D962100B33062 /* RecapView.swift in Sources */ = {isa = PBXBuildFile; fileRef = 041F7D41283D962100B33062 /* RecapView.swift */; };
		0422FAC3283D3DF20023BE66 /* GetCharactersUseCase.swift in Sources */ = {isa = PBXBuildFile; fileRef = 0422FAC2283D3DF20023BE66 /* GetCharactersUseCase.swift */; };
		0438D93C283BC0F60009B141 /* DetailTextTableViewCell.swift in Sources */ = {isa = PBXBuildFile; fileRef = 0438D93B283BC0F60009B141 /* DetailTextTableViewCell.swift */; };
		04391F9D283D5F9B00F84E6A /* ServiceLocator.swift in Sources */ = {isa = PBXBuildFile; fileRef = 04391F9C283D5F9B00F84E6A /* ServiceLocator.swift */; };
		04391F9F283D6A1F00F84E6A /* RecapViewDataSource.swift in Sources */ = {isa = PBXBuildFile; fileRef = 04391F9E283D6A1F00F84E6A /* RecapViewDataSource.swift */; };
		04391FA1283D6A4500F84E6A /* RecapViewDelegate.swift in Sources */ = {isa = PBXBuildFile; fileRef = 04391FA0283D6A4500F84E6A /* RecapViewDelegate.swift */; };
		04391FA3283D80ED00F84E6A /* DetailViewDataSource.swift in Sources */ = {isa = PBXBuildFile; fileRef = 04391FA2283D80ED00F84E6A /* DetailViewDataSource.swift */; };
		04391FA5283D810A00F84E6A /* DetailViewDelegate.swift in Sources */ = {isa = PBXBuildFile; fileRef = 04391FA4283D810A00F84E6A /* DetailViewDelegate.swift */; };
		043B5D70284010DA008CA11E /* ApiCallErrorToDomainErrorMapperTests.swift in Sources */ = {isa = PBXBuildFile; fileRef = 043B5D6F284010DA008CA11E /* ApiCallErrorToDomainErrorMapperTests.swift */; };
		045A7181283B104400D02C7A /* DetailViewController.swift in Sources */ = {isa = PBXBuildFile; fileRef = 045A7180283B104400D02C7A /* DetailViewController.swift */; };
		045A7183283B12C900D02C7A /* DetailPictureTableViewCell.swift in Sources */ = {isa = PBXBuildFile; fileRef = 045A7182283B12C900D02C7A /* DetailPictureTableViewCell.swift */; };
		046EC121283D27D500FCE6B3 /* ApiCallErrorToDomainErrorMapper.swift in Sources */ = {isa = PBXBuildFile; fileRef = 046EC120283D27D500FCE6B3 /* ApiCallErrorToDomainErrorMapper.swift */; };
		0483D7322838422000890660 /* AppDelegate.swift in Sources */ = {isa = PBXBuildFile; fileRef = 0483D7312838422000890660 /* AppDelegate.swift */; };
		0483D7362838422000890660 /* RecapViewController.swift in Sources */ = {isa = PBXBuildFile; fileRef = 0483D7352838422000890660 /* RecapViewController.swift */; };
		0483D73B2838422400890660 /* Assets.xcassets in Resources */ = {isa = PBXBuildFile; fileRef = 0483D73A2838422400890660 /* Assets.xcassets */; };
		0483D73E2838422400890660 /* LaunchScreen.storyboard in Resources */ = {isa = PBXBuildFile; fileRef = 0483D73C2838422400890660 /* LaunchScreen.storyboard */; };
		048C7547283E75C300E5907C /* RecapViewControllerFactory.swift in Sources */ = {isa = PBXBuildFile; fileRef = 048C7546283E75C300E5907C /* RecapViewControllerFactory.swift */; };
		048C7549283E7EE000E5907C /* DetailViewControllerFactory.swift in Sources */ = {isa = PBXBuildFile; fileRef = 048C7548283E7EE000E5907C /* DetailViewControllerFactory.swift */; };
		048C9366283CB90F00EBCA55 /* Repository.swift in Sources */ = {isa = PBXBuildFile; fileRef = 048C9365283CB90F00EBCA55 /* Repository.swift */; };
		048C9369283CB9C100EBCA55 /* RickAndMortyCharactersRepository.swift in Sources */ = {isa = PBXBuildFile; fileRef = 048C9368283CB9C100EBCA55 /* RickAndMortyCharactersRepository.swift */; };
		048C936B283CBA8D00EBCA55 /* DomainError.swift in Sources */ = {isa = PBXBuildFile; fileRef = 048C936A283CBA8D00EBCA55 /* DomainError.swift */; };
		048C936E283CC01C00EBCA55 /* Mapper.swift in Sources */ = {isa = PBXBuildFile; fileRef = 048C936D283CC01C00EBCA55 /* Mapper.swift */; };
		048E92DA283FBF6100E526FE /* AlamofireApiCall.swift in Sources */ = {isa = PBXBuildFile; fileRef = 048E92D9283FBF6100E526FE /* AlamofireApiCall.swift */; };
		0498BF562839987400339FBA /* PinToSuperViewExtension.swift in Sources */ = {isa = PBXBuildFile; fileRef = 0498BF552839987400339FBA /* PinToSuperViewExtension.swift */; };
		0498BF582839A75700339FBA /* RecapTableViewCell.swift in Sources */ = {isa = PBXBuildFile; fileRef = 0498BF572839A75700339FBA /* RecapTableViewCell.swift */; };
		0498BF5A2839CCF800339FBA /* Character.swift in Sources */ = {isa = PBXBuildFile; fileRef = 0498BF592839CCF800339FBA /* Character.swift */; };
		0498BF5C2839FF7900339FBA /* ApiCall.swift in Sources */ = {isa = PBXBuildFile; fileRef = 0498BF5B2839FF7900339FBA /* ApiCall.swift */; };
		0498BF5E283A0DCC00339FBA /* DownloadedFromUrlExtension.swift in Sources */ = {isa = PBXBuildFile; fileRef = 0498BF5D283A0DCC00339FBA /* DownloadedFromUrlExtension.swift */; };
		04991974283C8BDC009FD72B /* CharactersList.swift in Sources */ = {isa = PBXBuildFile; fileRef = 04991973283C8BDC009FD72B /* CharactersList.swift */; };
		04991976283C8C3B009FD72B /* ApiCallError.swift in Sources */ = {isa = PBXBuildFile; fileRef = 04991975283C8C3B009FD72B /* ApiCallError.swift */; };
		04991978283C8ECB009FD72B /* ApiRest.swift in Sources */ = {isa = PBXBuildFile; fileRef = 04991977283C8ECB009FD72B /* ApiRest.swift */; };
		04EA3DEE283FE85E0026E051 /* AlamofireApiCallTests.swift in Sources */ = {isa = PBXBuildFile; fileRef = 04EA3DED283FE85E0026E051 /* AlamofireApiCallTests.swift */; };
		04EA3DF0283FED050026E051 /* ApiCallTests.swift in Sources */ = {isa = PBXBuildFile; fileRef = 04EA3DEF283FED050026E051 /* ApiCallTests.swift */; };
		7D7AC975AA1BD46C4EBEC27B /* libPods-RickAndMortyCharacters-RickAndMortyCharactersTests.a in Frameworks */ = {isa = PBXBuildFile; fileRef = CB9898AABF0113ACB42B3278 /* libPods-RickAndMortyCharacters-RickAndMortyCharactersTests.a */; };
		9AB193C5E97B3F5236105508 /* libPods-RickAndMortyCharacters.a in Frameworks */ = {isa = PBXBuildFile; fileRef = FC871B757DB8D74895C0E5A6 /* libPods-RickAndMortyCharacters.a */; };
/* End PBXBuildFile section */

/* Begin PBXContainerItemProxy section */
		0499196D283C88B4009FD72B /* PBXContainerItemProxy */ = {
			isa = PBXContainerItemProxy;
			containerPortal = 0483D7262838422000890660 /* Project object */;
			proxyType = 1;
			remoteGlobalIDString = 0483D72D2838422000890660;
			remoteInfo = RickAndMortyCharacters;
		};
/* End PBXContainerItemProxy section */

/* Begin PBXFileReference section */
		041F7D3D283D927700B33062 /* RecapViewPresenter.swift */ = {isa = PBXFileReference; lastKnownFileType = sourcecode.swift; path = RecapViewPresenter.swift; sourceTree = "<group>"; };
		041F7D3F283D954000B33062 /* RecapViewPresenterConcretion.swift */ = {isa = PBXFileReference; lastKnownFileType = sourcecode.swift; path = RecapViewPresenterConcretion.swift; sourceTree = "<group>"; };
		041F7D41283D962100B33062 /* RecapView.swift */ = {isa = PBXFileReference; lastKnownFileType = sourcecode.swift; path = RecapView.swift; sourceTree = "<group>"; };
		0422FAC2283D3DF20023BE66 /* GetCharactersUseCase.swift */ = {isa = PBXFileReference; lastKnownFileType = sourcecode.swift; path = GetCharactersUseCase.swift; sourceTree = "<group>"; };
		0438D93B283BC0F60009B141 /* DetailTextTableViewCell.swift */ = {isa = PBXFileReference; lastKnownFileType = sourcecode.swift; path = DetailTextTableViewCell.swift; sourceTree = "<group>"; };
		04391F9C283D5F9B00F84E6A /* ServiceLocator.swift */ = {isa = PBXFileReference; lastKnownFileType = sourcecode.swift; path = ServiceLocator.swift; sourceTree = "<group>"; };
		04391F9E283D6A1F00F84E6A /* RecapViewDataSource.swift */ = {isa = PBXFileReference; lastKnownFileType = sourcecode.swift; path = RecapViewDataSource.swift; sourceTree = "<group>"; };
		04391FA0283D6A4500F84E6A /* RecapViewDelegate.swift */ = {isa = PBXFileReference; lastKnownFileType = sourcecode.swift; path = RecapViewDelegate.swift; sourceTree = "<group>"; };
		04391FA2283D80ED00F84E6A /* DetailViewDataSource.swift */ = {isa = PBXFileReference; lastKnownFileType = sourcecode.swift; path = DetailViewDataSource.swift; sourceTree = "<group>"; };
		04391FA4283D810A00F84E6A /* DetailViewDelegate.swift */ = {isa = PBXFileReference; lastKnownFileType = sourcecode.swift; path = DetailViewDelegate.swift; sourceTree = "<group>"; };
		043B5D6F284010DA008CA11E /* ApiCallErrorToDomainErrorMapperTests.swift */ = {isa = PBXFileReference; lastKnownFileType = sourcecode.swift; path = ApiCallErrorToDomainErrorMapperTests.swift; sourceTree = "<group>"; };
		045A7180283B104400D02C7A /* DetailViewController.swift */ = {isa = PBXFileReference; lastKnownFileType = sourcecode.swift; path = DetailViewController.swift; sourceTree = "<group>"; };
		045A7182283B12C900D02C7A /* DetailPictureTableViewCell.swift */ = {isa = PBXFileReference; lastKnownFileType = sourcecode.swift; path = DetailPictureTableViewCell.swift; sourceTree = "<group>"; };
		046EC120283D27D500FCE6B3 /* ApiCallErrorToDomainErrorMapper.swift */ = {isa = PBXFileReference; lastKnownFileType = sourcecode.swift; path = ApiCallErrorToDomainErrorMapper.swift; sourceTree = "<group>"; };
		0483D72E2838422000890660 /* RickAndMortyCharacters.app */ = {isa = PBXFileReference; explicitFileType = wrapper.application; includeInIndex = 0; path = RickAndMortyCharacters.app; sourceTree = BUILT_PRODUCTS_DIR; };
		0483D7312838422000890660 /* AppDelegate.swift */ = {isa = PBXFileReference; lastKnownFileType = sourcecode.swift; path = AppDelegate.swift; sourceTree = "<group>"; };
		0483D7352838422000890660 /* RecapViewController.swift */ = {isa = PBXFileReference; lastKnownFileType = sourcecode.swift; path = RecapViewController.swift; sourceTree = "<group>"; };
		0483D73A2838422400890660 /* Assets.xcassets */ = {isa = PBXFileReference; lastKnownFileType = folder.assetcatalog; path = Assets.xcassets; sourceTree = "<group>"; };
		0483D73D2838422400890660 /* Base */ = {isa = PBXFileReference; lastKnownFileType = file.storyboard; name = Base; path = Base.lproj/LaunchScreen.storyboard; sourceTree = "<group>"; };
		0483D73F2838422400890660 /* Info.plist */ = {isa = PBXFileReference; lastKnownFileType = text.plist.xml; path = Info.plist; sourceTree = "<group>"; };
		048C7546283E75C300E5907C /* RecapViewControllerFactory.swift */ = {isa = PBXFileReference; lastKnownFileType = sourcecode.swift; path = RecapViewControllerFactory.swift; sourceTree = "<group>"; };
		048C7548283E7EE000E5907C /* DetailViewControllerFactory.swift */ = {isa = PBXFileReference; lastKnownFileType = sourcecode.swift; path = DetailViewControllerFactory.swift; sourceTree = "<group>"; };
		048C9365283CB90F00EBCA55 /* Repository.swift */ = {isa = PBXFileReference; lastKnownFileType = sourcecode.swift; path = Repository.swift; sourceTree = "<group>"; };
		048C9368283CB9C100EBCA55 /* RickAndMortyCharactersRepository.swift */ = {isa = PBXFileReference; lastKnownFileType = sourcecode.swift; path = RickAndMortyCharactersRepository.swift; sourceTree = "<group>"; };
		048C936A283CBA8D00EBCA55 /* DomainError.swift */ = {isa = PBXFileReference; lastKnownFileType = sourcecode.swift; path = DomainError.swift; sourceTree = "<group>"; };
		048C936D283CC01C00EBCA55 /* Mapper.swift */ = {isa = PBXFileReference; lastKnownFileType = sourcecode.swift; path = Mapper.swift; sourceTree = "<group>"; };
		048E92D9283FBF6100E526FE /* AlamofireApiCall.swift */ = {isa = PBXFileReference; lastKnownFileType = sourcecode.swift; path = AlamofireApiCall.swift; sourceTree = "<group>"; };
		0498BF552839987400339FBA /* PinToSuperViewExtension.swift */ = {isa = PBXFileReference; lastKnownFileType = sourcecode.swift; path = PinToSuperViewExtension.swift; sourceTree = "<group>"; };
		0498BF572839A75700339FBA /* RecapTableViewCell.swift */ = {isa = PBXFileReference; lastKnownFileType = sourcecode.swift; path = RecapTableViewCell.swift; sourceTree = "<group>"; };
		0498BF592839CCF800339FBA /* Character.swift */ = {isa = PBXFileReference; lastKnownFileType = sourcecode.swift; path = Character.swift; sourceTree = "<group>"; };
		0498BF5B2839FF7900339FBA /* ApiCall.swift */ = {isa = PBXFileReference; lastKnownFileType = sourcecode.swift; path = ApiCall.swift; sourceTree = "<group>"; };
		0498BF5D283A0DCC00339FBA /* DownloadedFromUrlExtension.swift */ = {isa = PBXFileReference; lastKnownFileType = sourcecode.swift; path = DownloadedFromUrlExtension.swift; sourceTree = "<group>"; };
		04991969283C88B4009FD72B /* RickAndMortyCharactersTests.xctest */ = {isa = PBXFileReference; explicitFileType = wrapper.cfbundle; includeInIndex = 0; path = RickAndMortyCharactersTests.xctest; sourceTree = BUILT_PRODUCTS_DIR; };
		04991973283C8BDC009FD72B /* CharactersList.swift */ = {isa = PBXFileReference; lastKnownFileType = sourcecode.swift; path = CharactersList.swift; sourceTree = "<group>"; };
		04991975283C8C3B009FD72B /* ApiCallError.swift */ = {isa = PBXFileReference; lastKnownFileType = sourcecode.swift; path = ApiCallError.swift; sourceTree = "<group>"; };
		04991977283C8ECB009FD72B /* ApiRest.swift */ = {isa = PBXFileReference; lastKnownFileType = sourcecode.swift; path = ApiRest.swift; sourceTree = "<group>"; };
		04EA3DED283FE85E0026E051 /* AlamofireApiCallTests.swift */ = {isa = PBXFileReference; lastKnownFileType = sourcecode.swift; path = AlamofireApiCallTests.swift; sourceTree = "<group>"; };
		04EA3DEF283FED050026E051 /* ApiCallTests.swift */ = {isa = PBXFileReference; lastKnownFileType = sourcecode.swift; path = ApiCallTests.swift; sourceTree = "<group>"; };
		2024C764B1590593333CEB8F /* Pods-RickAndMortyCharacters-RickAndMortyCharactersTests.release.xcconfig */ = {isa = PBXFileReference; includeInIndex = 1; lastKnownFileType = text.xcconfig; name = "Pods-RickAndMortyCharacters-RickAndMortyCharactersTests.release.xcconfig"; path = "Target Support Files/Pods-RickAndMortyCharacters-RickAndMortyCharactersTests/Pods-RickAndMortyCharacters-RickAndMortyCharactersTests.release.xcconfig"; sourceTree = "<group>"; };
		24601D8343214BA245914EC3 /* Pods-RickAndMortyCharacters.release.xcconfig */ = {isa = PBXFileReference; includeInIndex = 1; lastKnownFileType = text.xcconfig; name = "Pods-RickAndMortyCharacters.release.xcconfig"; path = "Target Support Files/Pods-RickAndMortyCharacters/Pods-RickAndMortyCharacters.release.xcconfig"; sourceTree = "<group>"; };
		624A9EF29EE3E2787ED4148A /* Pods-RickAndMortyCharacters-RickAndMortyCharactersTests.debug.xcconfig */ = {isa = PBXFileReference; includeInIndex = 1; lastKnownFileType = text.xcconfig; name = "Pods-RickAndMortyCharacters-RickAndMortyCharactersTests.debug.xcconfig"; path = "Target Support Files/Pods-RickAndMortyCharacters-RickAndMortyCharactersTests/Pods-RickAndMortyCharacters-RickAndMortyCharactersTests.debug.xcconfig"; sourceTree = "<group>"; };
		9F5787C16B9008B147769A6B /* Pods-RickAndMortyCharacters.debug.xcconfig */ = {isa = PBXFileReference; includeInIndex = 1; lastKnownFileType = text.xcconfig; name = "Pods-RickAndMortyCharacters.debug.xcconfig"; path = "Target Support Files/Pods-RickAndMortyCharacters/Pods-RickAndMortyCharacters.debug.xcconfig"; sourceTree = "<group>"; };
		CB9898AABF0113ACB42B3278 /* libPods-RickAndMortyCharacters-RickAndMortyCharactersTests.a */ = {isa = PBXFileReference; explicitFileType = archive.ar; includeInIndex = 0; path = "libPods-RickAndMortyCharacters-RickAndMortyCharactersTests.a"; sourceTree = BUILT_PRODUCTS_DIR; };
		FC871B757DB8D74895C0E5A6 /* libPods-RickAndMortyCharacters.a */ = {isa = PBXFileReference; explicitFileType = archive.ar; includeInIndex = 0; path = "libPods-RickAndMortyCharacters.a"; sourceTree = BUILT_PRODUCTS_DIR; };
/* End PBXFileReference section */

/* Begin PBXFrameworksBuildPhase section */
		0483D72B2838422000890660 /* Frameworks */ = {
			isa = PBXFrameworksBuildPhase;
			buildActionMask = 2147483647;
			files = (
				9AB193C5E97B3F5236105508 /* libPods-RickAndMortyCharacters.a in Frameworks */,
			);
			runOnlyForDeploymentPostprocessing = 0;
		};
		04991966283C88B4009FD72B /* Frameworks */ = {
			isa = PBXFrameworksBuildPhase;
			buildActionMask = 2147483647;
			files = (
				7D7AC975AA1BD46C4EBEC27B /* libPods-RickAndMortyCharacters-RickAndMortyCharactersTests.a in Frameworks */,
			);
			runOnlyForDeploymentPostprocessing = 0;
		};
/* End PBXFrameworksBuildPhase section */

/* Begin PBXGroup section */
		0422FAC1283D3C870023BE66 /* UseCase */ = {
			isa = PBXGroup;
			children = (
				0422FAC2283D3DF20023BE66 /* GetCharactersUseCase.swift */,
			);
			path = UseCase;
			sourceTree = "<group>";
		};
		043589B3283FD11F0045A89D /* Data */ = {
			isa = PBXGroup;
			children = (
				043B5D6E284010BA008CA11E /* Mapper */,
				043589B4283FD12C0045A89D /* Network */,
			);
			path = Data;
			sourceTree = "<group>";
		};
		043589B4283FD12C0045A89D /* Network */ = {
			isa = PBXGroup;
			children = (
				04EA3DED283FE85E0026E051 /* AlamofireApiCallTests.swift */,
				04EA3DEF283FED050026E051 /* ApiCallTests.swift */,
			);
			path = Network;
			sourceTree = "<group>";
		};
		04391F9B283D5F6400F84E6A /* DI */ = {
			isa = PBXGroup;
			children = (
				04391F9C283D5F9B00F84E6A /* ServiceLocator.swift */,
			);
			path = DI;
			sourceTree = "<group>";
		};
		043B5D6E284010BA008CA11E /* Mapper */ = {
			isa = PBXGroup;
			children = (
				043B5D6F284010DA008CA11E /* ApiCallErrorToDomainErrorMapperTests.swift */,
			);
			path = Mapper;
			sourceTree = "<group>";
		};
		0483D7252838422000890660 = {
			isa = PBXGroup;
			children = (
				0483D7302838422000890660 /* RickAndMortyCharacters */,
				0499196A283C88B4009FD72B /* RickAndMortyCharactersTests */,
				0483D72F2838422000890660 /* Products */,
				766051F20AC7007C8B5A4009 /* Pods */,
				CBD5963903B55F2F094101A0 /* Frameworks */,
			);
			sourceTree = "<group>";
		};
		0483D72F2838422000890660 /* Products */ = {
			isa = PBXGroup;
			children = (
				0483D72E2838422000890660 /* RickAndMortyCharacters.app */,
				04991969283C88B4009FD72B /* RickAndMortyCharactersTests.xctest */,
			);
			name = Products;
			sourceTree = "<group>";
		};
		0483D7302838422000890660 /* RickAndMortyCharacters */ = {
			isa = PBXGroup;
			children = (
				048C7545283E758400E5907C /* Factory */,
				04391F9B283D5F6400F84E6A /* DI */,
				04991980283C9BF9009FD72B /* Domain */,
				0499197E283C9B64009FD72B /* Data */,
				0499197C283C98E3009FD72B /* Network */,
				04991979283C9836009FD72B /* View */,
				04991972283C8B60009FD72B /* Extensions */,
				0483D7312838422000890660 /* AppDelegate.swift */,
				0498BF572839A75700339FBA /* RecapTableViewCell.swift */,
				045A7182283B12C900D02C7A /* DetailPictureTableViewCell.swift */,
				0438D93B283BC0F60009B141 /* DetailTextTableViewCell.swift */,
				0483D73A2838422400890660 /* Assets.xcassets */,
				0483D73C2838422400890660 /* LaunchScreen.storyboard */,
				0483D73F2838422400890660 /* Info.plist */,
			);
			path = RickAndMortyCharacters;
			sourceTree = "<group>";
		};
		048C7545283E758400E5907C /* Factory */ = {
			isa = PBXGroup;
			children = (
				048C7546283E75C300E5907C /* RecapViewControllerFactory.swift */,
				048C7548283E7EE000E5907C /* DetailViewControllerFactory.swift */,
			);
			path = Factory;
			sourceTree = "<group>";
		};
		048C9367283CB98800EBCA55 /* Repository */ = {
			isa = PBXGroup;
			children = (
				048C9368283CB9C100EBCA55 /* RickAndMortyCharactersRepository.swift */,
			);
			path = Repository;
			sourceTree = "<group>";
		};
		048C936C283CBFE300EBCA55 /* Mapper */ = {
			isa = PBXGroup;
			children = (
				048C936D283CC01C00EBCA55 /* Mapper.swift */,
				046EC120283D27D500FCE6B3 /* ApiCallErrorToDomainErrorMapper.swift */,
			);
			path = Mapper;
			sourceTree = "<group>";
		};
		0499196A283C88B4009FD72B /* RickAndMortyCharactersTests */ = {
			isa = PBXGroup;
			children = (
				043589B3283FD11F0045A89D /* Data */,
			);
			path = RickAndMortyCharactersTests;
			sourceTree = "<group>";
		};
		04991972283C8B60009FD72B /* Extensions */ = {
			isa = PBXGroup;
			children = (
				0498BF552839987400339FBA /* PinToSuperViewExtension.swift */,
				0498BF5D283A0DCC00339FBA /* DownloadedFromUrlExtension.swift */,
			);
			path = Extensions;
			sourceTree = "<group>";
		};
		04991979283C9836009FD72B /* View */ = {
			isa = PBXGroup;
			children = (
				0499197A283C984E009FD72B /* Recap */,
				0499197B283C986D009FD72B /* Detail */,
			);
			path = View;
			sourceTree = "<group>";
		};
		0499197A283C984E009FD72B /* Recap */ = {
			isa = PBXGroup;
			children = (
				0483D7352838422000890660 /* RecapViewController.swift */,
				04391F9E283D6A1F00F84E6A /* RecapViewDataSource.swift */,
				04391FA0283D6A4500F84E6A /* RecapViewDelegate.swift */,
				041F7D3D283D927700B33062 /* RecapViewPresenter.swift */,
				041F7D3F283D954000B33062 /* RecapViewPresenterConcretion.swift */,
				041F7D41283D962100B33062 /* RecapView.swift */,
			);
			path = Recap;
			sourceTree = "<group>";
		};
		0499197B283C986D009FD72B /* Detail */ = {
			isa = PBXGroup;
			children = (
				045A7180283B104400D02C7A /* DetailViewController.swift */,
				04391FA2283D80ED00F84E6A /* DetailViewDataSource.swift */,
				04391FA4283D810A00F84E6A /* DetailViewDelegate.swift */,
			);
			path = Detail;
			sourceTree = "<group>";
		};
		0499197C283C98E3009FD72B /* Network */ = {
			isa = PBXGroup;
			children = (
				0499197D283C9990009FD72B /* Model */,
			);
			path = Network;
			sourceTree = "<group>";
		};
		0499197D283C9990009FD72B /* Model */ = {
			isa = PBXGroup;
			children = (
				04991975283C8C3B009FD72B /* ApiCallError.swift */,
			);
			path = Model;
			sourceTree = "<group>";
		};
		0499197E283C9B64009FD72B /* Data */ = {
			isa = PBXGroup;
			children = (
				048C936C283CBFE300EBCA55 /* Mapper */,
				048C9367283CB98800EBCA55 /* Repository */,
				0499197F283C9B71009FD72B /* Network */,
			);
			path = Data;
			sourceTree = "<group>";
		};
		0499197F283C9B71009FD72B /* Network */ = {
			isa = PBXGroup;
			children = (
				0498BF5B2839FF7900339FBA /* ApiCall.swift */,
				04991977283C8ECB009FD72B /* ApiRest.swift */,
				048E92D9283FBF6100E526FE /* AlamofireApiCall.swift */,
			);
			path = Network;
			sourceTree = "<group>";
		};
		04991980283C9BF9009FD72B /* Domain */ = {
			isa = PBXGroup;
			children = (
				04991981283C9C0D009FD72B /* Model */,
				0422FAC1283D3C870023BE66 /* UseCase */,
				048C9365283CB90F00EBCA55 /* Repository.swift */,
			);
			path = Domain;
			sourceTree = "<group>";
		};
		04991981283C9C0D009FD72B /* Model */ = {
			isa = PBXGroup;
			children = (
				0498BF592839CCF800339FBA /* Character.swift */,
				04991973283C8BDC009FD72B /* CharactersList.swift */,
				048C936A283CBA8D00EBCA55 /* DomainError.swift */,
			);
			path = Model;
			sourceTree = "<group>";
		};
		766051F20AC7007C8B5A4009 /* Pods */ = {
			isa = PBXGroup;
			children = (
				9F5787C16B9008B147769A6B /* Pods-RickAndMortyCharacters.debug.xcconfig */,
				24601D8343214BA245914EC3 /* Pods-RickAndMortyCharacters.release.xcconfig */,
				624A9EF29EE3E2787ED4148A /* Pods-RickAndMortyCharacters-RickAndMortyCharactersTests.debug.xcconfig */,
				2024C764B1590593333CEB8F /* Pods-RickAndMortyCharacters-RickAndMortyCharactersTests.release.xcconfig */,
			);
			path = Pods;
			sourceTree = "<group>";
		};
		CBD5963903B55F2F094101A0 /* Frameworks */ = {
			isa = PBXGroup;
			children = (
				FC871B757DB8D74895C0E5A6 /* libPods-RickAndMortyCharacters.a */,
				CB9898AABF0113ACB42B3278 /* libPods-RickAndMortyCharacters-RickAndMortyCharactersTests.a */,
			);
			name = Frameworks;
			sourceTree = "<group>";
		};
/* End PBXGroup section */

/* Begin PBXNativeTarget section */
		0483D72D2838422000890660 /* RickAndMortyCharacters */ = {
			isa = PBXNativeTarget;
			buildConfigurationList = 0483D7422838422400890660 /* Build configuration list for PBXNativeTarget "RickAndMortyCharacters" */;
			buildPhases = (
				2C2A8D0598C4034BF0544685 /* [CP] Check Pods Manifest.lock */,
				0483D72A2838422000890660 /* Sources */,
				0483D72B2838422000890660 /* Frameworks */,
				0483D72C2838422000890660 /* Resources */,
			);
			buildRules = (
			);
			dependencies = (
			);
			name = RickAndMortyCharacters;
			productName = RickAndMortyCharacters;
			productReference = 0483D72E2838422000890660 /* RickAndMortyCharacters.app */;
			productType = "com.apple.product-type.application";
		};
		04991968283C88B4009FD72B /* RickAndMortyCharactersTests */ = {
			isa = PBXNativeTarget;
			buildConfigurationList = 04991971283C88B4009FD72B /* Build configuration list for PBXNativeTarget "RickAndMortyCharactersTests" */;
			buildPhases = (
				EE4E2407FA09DB0D4758FECC /* [CP] Check Pods Manifest.lock */,
				04991965283C88B4009FD72B /* Sources */,
				04991966283C88B4009FD72B /* Frameworks */,
				04991967283C88B4009FD72B /* Resources */,
			);
			buildRules = (
			);
			dependencies = (
				0499196E283C88B4009FD72B /* PBXTargetDependency */,
			);
			name = RickAndMortyCharactersTests;
			productName = RickAndMortyCharactersTests;
			productReference = 04991969283C88B4009FD72B /* RickAndMortyCharactersTests.xctest */;
			productType = "com.apple.product-type.bundle.unit-test";
		};
/* End PBXNativeTarget section */

/* Begin PBXProject section */
		0483D7262838422000890660 /* Project object */ = {
			isa = PBXProject;
			attributes = {
				BuildIndependentTargetsInParallel = 1;
				LastSwiftUpdateCheck = 1340;
				LastUpgradeCheck = 1330;
				TargetAttributes = {
					0483D72D2838422000890660 = {
						CreatedOnToolsVersion = 13.3.1;
					};
					04991968283C88B4009FD72B = {
						CreatedOnToolsVersion = 13.4;
						TestTargetID = 0483D72D2838422000890660;
					};
				};
			};
			buildConfigurationList = 0483D7292838422000890660 /* Build configuration list for PBXProject "RickAndMortyCharacters" */;
			compatibilityVersion = "Xcode 13.0";
			developmentRegion = en;
			hasScannedForEncodings = 0;
			knownRegions = (
				en,
				Base,
			);
			mainGroup = 0483D7252838422000890660;
			productRefGroup = 0483D72F2838422000890660 /* Products */;
			projectDirPath = "";
			projectRoot = "";
			targets = (
				0483D72D2838422000890660 /* RickAndMortyCharacters */,
				04991968283C88B4009FD72B /* RickAndMortyCharactersTests */,
			);
		};
/* End PBXProject section */

/* Begin PBXResourcesBuildPhase section */
		0483D72C2838422000890660 /* Resources */ = {
			isa = PBXResourcesBuildPhase;
			buildActionMask = 2147483647;
			files = (
				0483D73E2838422400890660 /* LaunchScreen.storyboard in Resources */,
				0483D73B2838422400890660 /* Assets.xcassets in Resources */,
			);
			runOnlyForDeploymentPostprocessing = 0;
		};
		04991967283C88B4009FD72B /* Resources */ = {
			isa = PBXResourcesBuildPhase;
			buildActionMask = 2147483647;
			files = (
			);
			runOnlyForDeploymentPostprocessing = 0;
		};
/* End PBXResourcesBuildPhase section */

/* Begin PBXShellScriptBuildPhase section */
		2C2A8D0598C4034BF0544685 /* [CP] Check Pods Manifest.lock */ = {
			isa = PBXShellScriptBuildPhase;
			buildActionMask = 2147483647;
			files = (
			);
			inputFileListPaths = (
			);
			inputPaths = (
				"${PODS_PODFILE_DIR_PATH}/Podfile.lock",
				"${PODS_ROOT}/Manifest.lock",
			);
			name = "[CP] Check Pods Manifest.lock";
			outputFileListPaths = (
			);
			outputPaths = (
				"$(DERIVED_FILE_DIR)/Pods-RickAndMortyCharacters-checkManifestLockResult.txt",
			);
			runOnlyForDeploymentPostprocessing = 0;
			shellPath = /bin/sh;
			shellScript = "diff \"${PODS_PODFILE_DIR_PATH}/Podfile.lock\" \"${PODS_ROOT}/Manifest.lock\" > /dev/null\nif [ $? != 0 ] ; then\n    # print error to STDERR\n    echo \"error: The sandbox is not in sync with the Podfile.lock. Run 'pod install' or update your CocoaPods installation.\" >&2\n    exit 1\nfi\n# This output is used by Xcode 'outputs' to avoid re-running this script phase.\necho \"SUCCESS\" > \"${SCRIPT_OUTPUT_FILE_0}\"\n";
			showEnvVarsInLog = 0;
		};
		EE4E2407FA09DB0D4758FECC /* [CP] Check Pods Manifest.lock */ = {
			isa = PBXShellScriptBuildPhase;
			buildActionMask = 2147483647;
			files = (
			);
			inputFileListPaths = (
			);
			inputPaths = (
				"${PODS_PODFILE_DIR_PATH}/Podfile.lock",
				"${PODS_ROOT}/Manifest.lock",
			);
			name = "[CP] Check Pods Manifest.lock";
			outputFileListPaths = (
			);
			outputPaths = (
				"$(DERIVED_FILE_DIR)/Pods-RickAndMortyCharacters-RickAndMortyCharactersTests-checkManifestLockResult.txt",
			);
			runOnlyForDeploymentPostprocessing = 0;
			shellPath = /bin/sh;
			shellScript = "diff \"${PODS_PODFILE_DIR_PATH}/Podfile.lock\" \"${PODS_ROOT}/Manifest.lock\" > /dev/null\nif [ $? != 0 ] ; then\n    # print error to STDERR\n    echo \"error: The sandbox is not in sync with the Podfile.lock. Run 'pod install' or update your CocoaPods installation.\" >&2\n    exit 1\nfi\n# This output is used by Xcode 'outputs' to avoid re-running this script phase.\necho \"SUCCESS\" > \"${SCRIPT_OUTPUT_FILE_0}\"\n";
			showEnvVarsInLog = 0;
		};
/* End PBXShellScriptBuildPhase section */

/* Begin PBXSourcesBuildPhase section */
		0483D72A2838422000890660 /* Sources */ = {
			isa = PBXSourcesBuildPhase;
			buildActionMask = 2147483647;
			files = (
				0483D7362838422000890660 /* RecapViewController.swift in Sources */,
				04991978283C8ECB009FD72B /* ApiRest.swift in Sources */,
				04991974283C8BDC009FD72B /* CharactersList.swift in Sources */,
				0498BF582839A75700339FBA /* RecapTableViewCell.swift in Sources */,
				0422FAC3283D3DF20023BE66 /* GetCharactersUseCase.swift in Sources */,
				0498BF5E283A0DCC00339FBA /* DownloadedFromUrlExtension.swift in Sources */,
				0498BF5A2839CCF800339FBA /* Character.swift in Sources */,
				04391FA1283D6A4500F84E6A /* RecapViewDelegate.swift in Sources */,
				046EC121283D27D500FCE6B3 /* ApiCallErrorToDomainErrorMapper.swift in Sources */,
				048C7549283E7EE000E5907C /* DetailViewControllerFactory.swift in Sources */,
				041F7D40283D954000B33062 /* RecapViewPresenterConcretion.swift in Sources */,
				048C7547283E75C300E5907C /* RecapViewControllerFactory.swift in Sources */,
				0498BF562839987400339FBA /* PinToSuperViewExtension.swift in Sources */,
				048C9366283CB90F00EBCA55 /* Repository.swift in Sources */,
				0498BF5C2839FF7900339FBA /* ApiCall.swift in Sources */,
				048E92DA283FBF6100E526FE /* AlamofireApiCall.swift in Sources */,
				045A7183283B12C900D02C7A /* DetailPictureTableViewCell.swift in Sources */,
				048C936E283CC01C00EBCA55 /* Mapper.swift in Sources */,
				041F7D3E283D927700B33062 /* RecapViewPresenter.swift in Sources */,
				048C9369283CB9C100EBCA55 /* RickAndMortyCharactersRepository.swift in Sources */,
				04391F9F283D6A1F00F84E6A /* RecapViewDataSource.swift in Sources */,
				0483D7322838422000890660 /* AppDelegate.swift in Sources */,
				04391FA3283D80ED00F84E6A /* DetailViewDataSource.swift in Sources */,
				04991976283C8C3B009FD72B /* ApiCallError.swift in Sources */,
				04391F9D283D5F9B00F84E6A /* ServiceLocator.swift in Sources */,
				041F7D42283D962100B33062 /* RecapView.swift in Sources */,
				04391FA5283D810A00F84E6A /* DetailViewDelegate.swift in Sources */,
				045A7181283B104400D02C7A /* DetailViewController.swift in Sources */,
				048C936B283CBA8D00EBCA55 /* DomainError.swift in Sources */,
				0438D93C283BC0F60009B141 /* DetailTextTableViewCell.swift in Sources */,
			);
			runOnlyForDeploymentPostprocessing = 0;
		};
		04991965283C88B4009FD72B /* Sources */ = {
			isa = PBXSourcesBuildPhase;
			buildActionMask = 2147483647;
			files = (
				043B5D70284010DA008CA11E /* ApiCallErrorToDomainErrorMapperTests.swift in Sources */,
				04EA3DF0283FED050026E051 /* ApiCallTests.swift in Sources */,
				04EA3DEE283FE85E0026E051 /* AlamofireApiCallTests.swift in Sources */,
			);
			runOnlyForDeploymentPostprocessing = 0;
		};
/* End PBXSourcesBuildPhase section */

/* Begin PBXTargetDependency section */
		0499196E283C88B4009FD72B /* PBXTargetDependency */ = {
			isa = PBXTargetDependency;
			target = 0483D72D2838422000890660 /* RickAndMortyCharacters */;
			targetProxy = 0499196D283C88B4009FD72B /* PBXContainerItemProxy */;
		};
/* End PBXTargetDependency section */

/* Begin PBXVariantGroup section */
		0483D73C2838422400890660 /* LaunchScreen.storyboard */ = {
			isa = PBXVariantGroup;
			children = (
				0483D73D2838422400890660 /* Base */,
			);
			name = LaunchScreen.storyboard;
			sourceTree = "<group>";
		};
/* End PBXVariantGroup section */

/* Begin XCBuildConfiguration section */
		0483D7402838422400890660 /* Debug */ = {
			isa = XCBuildConfiguration;
			buildSettings = {
				ALWAYS_SEARCH_USER_PATHS = NO;
				CLANG_ANALYZER_NONNULL = YES;
				CLANG_ANALYZER_NUMBER_OBJECT_CONVERSION = YES_AGGRESSIVE;
				CLANG_CXX_LANGUAGE_STANDARD = "gnu++17";
				CLANG_ENABLE_MODULES = YES;
				CLANG_ENABLE_OBJC_ARC = YES;
				CLANG_ENABLE_OBJC_WEAK = YES;
				CLANG_WARN_BLOCK_CAPTURE_AUTORELEASING = YES;
				CLANG_WARN_BOOL_CONVERSION = YES;
				CLANG_WARN_COMMA = YES;
				CLANG_WARN_CONSTANT_CONVERSION = YES;
				CLANG_WARN_DEPRECATED_OBJC_IMPLEMENTATIONS = YES;
				CLANG_WARN_DIRECT_OBJC_ISA_USAGE = YES_ERROR;
				CLANG_WARN_DOCUMENTATION_COMMENTS = YES;
				CLANG_WARN_EMPTY_BODY = YES;
				CLANG_WARN_ENUM_CONVERSION = YES;
				CLANG_WARN_INFINITE_RECURSION = YES;
				CLANG_WARN_INT_CONVERSION = YES;
				CLANG_WARN_NON_LITERAL_NULL_CONVERSION = YES;
				CLANG_WARN_OBJC_IMPLICIT_RETAIN_SELF = YES;
				CLANG_WARN_OBJC_LITERAL_CONVERSION = YES;
				CLANG_WARN_OBJC_ROOT_CLASS = YES_ERROR;
				CLANG_WARN_QUOTED_INCLUDE_IN_FRAMEWORK_HEADER = YES;
				CLANG_WARN_RANGE_LOOP_ANALYSIS = YES;
				CLANG_WARN_STRICT_PROTOTYPES = YES;
				CLANG_WARN_SUSPICIOUS_MOVE = YES;
				CLANG_WARN_UNGUARDED_AVAILABILITY = YES_AGGRESSIVE;
				CLANG_WARN_UNREACHABLE_CODE = YES;
				CLANG_WARN__DUPLICATE_METHOD_MATCH = YES;
				COPY_PHASE_STRIP = NO;
				DEBUG_INFORMATION_FORMAT = dwarf;
				ENABLE_STRICT_OBJC_MSGSEND = YES;
				ENABLE_TESTABILITY = YES;
				GCC_C_LANGUAGE_STANDARD = gnu11;
				GCC_DYNAMIC_NO_PIC = NO;
				GCC_NO_COMMON_BLOCKS = YES;
				GCC_OPTIMIZATION_LEVEL = 0;
				GCC_PREPROCESSOR_DEFINITIONS = (
					"DEBUG=1",
					"$(inherited)",
				);
				GCC_WARN_64_TO_32_BIT_CONVERSION = YES;
				GCC_WARN_ABOUT_RETURN_TYPE = YES_ERROR;
				GCC_WARN_UNDECLARED_SELECTOR = YES;
				GCC_WARN_UNINITIALIZED_AUTOS = YES_AGGRESSIVE;
				GCC_WARN_UNUSED_FUNCTION = YES;
				GCC_WARN_UNUSED_VARIABLE = YES;
				IPHONEOS_DEPLOYMENT_TARGET = 15.4;
				MTL_ENABLE_DEBUG_INFO = INCLUDE_SOURCE;
				MTL_FAST_MATH = YES;
				ONLY_ACTIVE_ARCH = YES;
				SDKROOT = iphoneos;
				SWIFT_ACTIVE_COMPILATION_CONDITIONS = DEBUG;
				SWIFT_OPTIMIZATION_LEVEL = "-Onone";
			};
			name = Debug;
		};
		0483D7412838422400890660 /* Release */ = {
			isa = XCBuildConfiguration;
			buildSettings = {
				ALWAYS_SEARCH_USER_PATHS = NO;
				CLANG_ANALYZER_NONNULL = YES;
				CLANG_ANALYZER_NUMBER_OBJECT_CONVERSION = YES_AGGRESSIVE;
				CLANG_CXX_LANGUAGE_STANDARD = "gnu++17";
				CLANG_ENABLE_MODULES = YES;
				CLANG_ENABLE_OBJC_ARC = YES;
				CLANG_ENABLE_OBJC_WEAK = YES;
				CLANG_WARN_BLOCK_CAPTURE_AUTORELEASING = YES;
				CLANG_WARN_BOOL_CONVERSION = YES;
				CLANG_WARN_COMMA = YES;
				CLANG_WARN_CONSTANT_CONVERSION = YES;
				CLANG_WARN_DEPRECATED_OBJC_IMPLEMENTATIONS = YES;
				CLANG_WARN_DIRECT_OBJC_ISA_USAGE = YES_ERROR;
				CLANG_WARN_DOCUMENTATION_COMMENTS = YES;
				CLANG_WARN_EMPTY_BODY = YES;
				CLANG_WARN_ENUM_CONVERSION = YES;
				CLANG_WARN_INFINITE_RECURSION = YES;
				CLANG_WARN_INT_CONVERSION = YES;
				CLANG_WARN_NON_LITERAL_NULL_CONVERSION = YES;
				CLANG_WARN_OBJC_IMPLICIT_RETAIN_SELF = YES;
				CLANG_WARN_OBJC_LITERAL_CONVERSION = YES;
				CLANG_WARN_OBJC_ROOT_CLASS = YES_ERROR;
				CLANG_WARN_QUOTED_INCLUDE_IN_FRAMEWORK_HEADER = YES;
				CLANG_WARN_RANGE_LOOP_ANALYSIS = YES;
				CLANG_WARN_STRICT_PROTOTYPES = YES;
				CLANG_WARN_SUSPICIOUS_MOVE = YES;
				CLANG_WARN_UNGUARDED_AVAILABILITY = YES_AGGRESSIVE;
				CLANG_WARN_UNREACHABLE_CODE = YES;
				CLANG_WARN__DUPLICATE_METHOD_MATCH = YES;
				COPY_PHASE_STRIP = NO;
				DEBUG_INFORMATION_FORMAT = "dwarf-with-dsym";
				ENABLE_NS_ASSERTIONS = NO;
				ENABLE_STRICT_OBJC_MSGSEND = YES;
				GCC_C_LANGUAGE_STANDARD = gnu11;
				GCC_NO_COMMON_BLOCKS = YES;
				GCC_WARN_64_TO_32_BIT_CONVERSION = YES;
				GCC_WARN_ABOUT_RETURN_TYPE = YES_ERROR;
				GCC_WARN_UNDECLARED_SELECTOR = YES;
				GCC_WARN_UNINITIALIZED_AUTOS = YES_AGGRESSIVE;
				GCC_WARN_UNUSED_FUNCTION = YES;
				GCC_WARN_UNUSED_VARIABLE = YES;
				IPHONEOS_DEPLOYMENT_TARGET = 15.4;
				MTL_ENABLE_DEBUG_INFO = NO;
				MTL_FAST_MATH = YES;
				SDKROOT = iphoneos;
				SWIFT_COMPILATION_MODE = wholemodule;
				SWIFT_OPTIMIZATION_LEVEL = "-O";
				VALIDATE_PRODUCT = YES;
			};
			name = Release;
		};
		0483D7432838422400890660 /* Debug */ = {
			isa = XCBuildConfiguration;
			baseConfigurationReference = 9F5787C16B9008B147769A6B /* Pods-RickAndMortyCharacters.debug.xcconfig */;
			buildSettings = {
				ASSETCATALOG_COMPILER_APPICON_NAME = AppIcon;
				ASSETCATALOG_COMPILER_GLOBAL_ACCENT_COLOR_NAME = AccentColor;
				CODE_SIGN_STYLE = Automatic;
				CURRENT_PROJECT_VERSION = 1;
				DEVELOPMENT_TEAM = JFX2JT5J6B;
				GENERATE_INFOPLIST_FILE = YES;
				INFOPLIST_FILE = RickAndMortyCharacters/Info.plist;
				INFOPLIST_KEY_UIApplicationSupportsIndirectInputEvents = YES;
				INFOPLIST_KEY_UILaunchStoryboardName = LaunchScreen;
				INFOPLIST_KEY_UIMainStoryboardFile = "";
				INFOPLIST_KEY_UISupportedInterfaceOrientations = "UIInterfaceOrientationPortrait UIInterfaceOrientationLandscapeLeft UIInterfaceOrientationLandscapeRight";
				INFOPLIST_KEY_UISupportedInterfaceOrientations_iPad = "UIInterfaceOrientationPortrait UIInterfaceOrientationPortraitUpsideDown UIInterfaceOrientationLandscapeLeft UIInterfaceOrientationLandscapeRight";
				INFOPLIST_KEY_UISupportedInterfaceOrientations_iPhone = "UIInterfaceOrientationPortrait UIInterfaceOrientationLandscapeLeft UIInterfaceOrientationLandscapeRight";
				LD_RUNPATH_SEARCH_PATHS = (
					"$(inherited)",
					"@executable_path/Frameworks",
				);
				MARKETING_VERSION = 1.0;
				PRODUCT_BUNDLE_IDENTIFIER = com.carlamoralespacheco.RickAndMortyCharacters;
				PRODUCT_NAME = "$(TARGET_NAME)";
				SWIFT_EMIT_LOC_STRINGS = YES;
				SWIFT_VERSION = 5.0;
				TARGETED_DEVICE_FAMILY = "1,2";
			};
			name = Debug;
		};
		0483D7442838422400890660 /* Release */ = {
			isa = XCBuildConfiguration;
			baseConfigurationReference = 24601D8343214BA245914EC3 /* Pods-RickAndMortyCharacters.release.xcconfig */;
			buildSettings = {
				ASSETCATALOG_COMPILER_APPICON_NAME = AppIcon;
				ASSETCATALOG_COMPILER_GLOBAL_ACCENT_COLOR_NAME = AccentColor;
				CODE_SIGN_STYLE = Automatic;
				CURRENT_PROJECT_VERSION = 1;
				DEVELOPMENT_TEAM = JFX2JT5J6B;
				GENERATE_INFOPLIST_FILE = YES;
				INFOPLIST_FILE = RickAndMortyCharacters/Info.plist;
				INFOPLIST_KEY_UIApplicationSupportsIndirectInputEvents = YES;
				INFOPLIST_KEY_UILaunchStoryboardName = LaunchScreen;
				INFOPLIST_KEY_UIMainStoryboardFile = "";
				INFOPLIST_KEY_UISupportedInterfaceOrientations = "UIInterfaceOrientationPortrait UIInterfaceOrientationLandscapeLeft UIInterfaceOrientationLandscapeRight";
				INFOPLIST_KEY_UISupportedInterfaceOrientations_iPad = "UIInterfaceOrientationPortrait UIInterfaceOrientationPortraitUpsideDown UIInterfaceOrientationLandscapeLeft UIInterfaceOrientationLandscapeRight";
				INFOPLIST_KEY_UISupportedInterfaceOrientations_iPhone = "UIInterfaceOrientationPortrait UIInterfaceOrientationLandscapeLeft UIInterfaceOrientationLandscapeRight";
				LD_RUNPATH_SEARCH_PATHS = (
					"$(inherited)",
					"@executable_path/Frameworks",
				);
				MARKETING_VERSION = 1.0;
				PRODUCT_BUNDLE_IDENTIFIER = com.carlamoralespacheco.RickAndMortyCharacters;
				PRODUCT_NAME = "$(TARGET_NAME)";
				SWIFT_EMIT_LOC_STRINGS = YES;
				SWIFT_VERSION = 5.0;
				TARGETED_DEVICE_FAMILY = "1,2";
			};
			name = Release;
		};
		0499196F283C88B4009FD72B /* Debug */ = {
			isa = XCBuildConfiguration;
			baseConfigurationReference = 624A9EF29EE3E2787ED4148A /* Pods-RickAndMortyCharacters-RickAndMortyCharactersTests.debug.xcconfig */;
			buildSettings = {
				BUNDLE_LOADER = "$(TEST_HOST)";
				CODE_SIGN_STYLE = Automatic;
				CURRENT_PROJECT_VERSION = 1;
				DEVELOPMENT_TEAM = JFX2JT5J6B;
				GENERATE_INFOPLIST_FILE = YES;
				IPHONEOS_DEPLOYMENT_TARGET = 15.5;
				MARKETING_VERSION = 1.0;
				PRODUCT_BUNDLE_IDENTIFIER = com.carlamoralespacheco.RickAndMortyCharactersTests;
				PRODUCT_NAME = "$(TARGET_NAME)";
				SWIFT_EMIT_LOC_STRINGS = NO;
				SWIFT_VERSION = 5.0;
				TARGETED_DEVICE_FAMILY = "1,2";
				TEST_HOST = "$(BUILT_PRODUCTS_DIR)/RickAndMortyCharacters.app/RickAndMortyCharacters";
			};
			name = Debug;
		};
		04991970283C88B4009FD72B /* Release */ = {
			isa = XCBuildConfiguration;
			baseConfigurationReference = 2024C764B1590593333CEB8F /* Pods-RickAndMortyCharacters-RickAndMortyCharactersTests.release.xcconfig */;
			buildSettings = {
				BUNDLE_LOADER = "$(TEST_HOST)";
				CODE_SIGN_STYLE = Automatic;
				CURRENT_PROJECT_VERSION = 1;
				DEVELOPMENT_TEAM = JFX2JT5J6B;
				GENERATE_INFOPLIST_FILE = YES;
				IPHONEOS_DEPLOYMENT_TARGET = 15.5;
				MARKETING_VERSION = 1.0;
				PRODUCT_BUNDLE_IDENTIFIER = com.carlamoralespacheco.RickAndMortyCharactersTests;
				PRODUCT_NAME = "$(TARGET_NAME)";
				SWIFT_EMIT_LOC_STRINGS = NO;
				SWIFT_VERSION = 5.0;
				TARGETED_DEVICE_FAMILY = "1,2";
				TEST_HOST = "$(BUILT_PRODUCTS_DIR)/RickAndMortyCharacters.app/RickAndMortyCharacters";
			};
			name = Release;
		};
/* End XCBuildConfiguration section */

/* Begin XCConfigurationList section */
		0483D7292838422000890660 /* Build configuration list for PBXProject "RickAndMortyCharacters" */ = {
			isa = XCConfigurationList;
			buildConfigurations = (
				0483D7402838422400890660 /* Debug */,
				0483D7412838422400890660 /* Release */,
			);
			defaultConfigurationIsVisible = 0;
			defaultConfigurationName = Release;
		};
		0483D7422838422400890660 /* Build configuration list for PBXNativeTarget "RickAndMortyCharacters" */ = {
			isa = XCConfigurationList;
			buildConfigurations = (
				0483D7432838422400890660 /* Debug */,
				0483D7442838422400890660 /* Release */,
			);
			defaultConfigurationIsVisible = 0;
			defaultConfigurationName = Release;
		};
		04991971283C88B4009FD72B /* Build configuration list for PBXNativeTarget "RickAndMortyCharactersTests" */ = {
			isa = XCConfigurationList;
			buildConfigurations = (
				0499196F283C88B4009FD72B /* Debug */,
				04991970283C88B4009FD72B /* Release */,
			);
			defaultConfigurationIsVisible = 0;
			defaultConfigurationName = Release;
		};
/* End XCConfigurationList section */
	};
	rootObject = 0483D7262838422000890660 /* Project object */;
}
